{
  "projects": [
    {
      "projectId": "dqttFxhDmHsNNwzjnwEK9t",
      "version": "latest",
      "dependencies": {},
      "lang": "ts",
      "fileLocks": [
        {
          "type": "globalVariant",
          "assetId": "hjt93GPie8N1e",
          "checksum": "bae8444abf63d575cb525037ac11eb8a"
        },
        {
          "assetId": "dqttFxhDmHsNNwzjnwEK9t",
          "type": "projectCss",
          "checksum": "46b12d26a7b708390e55147ae4a44812"
        },
        {
          "type": "renderModule",
          "assetId": "lxP3S7dmzVk5g",
          "checksum": "3cf76eae9ca3de9383e997280dbb9b5a"
        },
        {
          "type": "cssRules",
          "assetId": "lxP3S7dmzVk5g",
          "checksum": "3cf76eae9ca3de9383e997280dbb9b5a"
        },
        {
          "type": "renderModule",
          "assetId": "_bcmwX0jFS3Tb",
          "checksum": "52bfdfa57a2fb69c63b94e6225d4a167"
        },
        {
          "type": "cssRules",
          "assetId": "_bcmwX0jFS3Tb",
          "checksum": "52bfdfa57a2fb69c63b94e6225d4a167"
        },
        {
          "type": "renderModule",
          "assetId": "mzQtI5MDDprSU",
          "checksum": "8695fe00a64de97f402cb9478c1e0a86"
        },
        {
          "type": "cssRules",
          "assetId": "mzQtI5MDDprSU",
          "checksum": "8695fe00a64de97f402cb9478c1e0a86"
        },
        {
          "type": "renderModule",
          "assetId": "4npco0bsljb91",
          "checksum": "728f4f6a7f026e99d548d2edac30f011"
        },
        {
          "type": "cssRules",
          "assetId": "4npco0bsljb91",
          "checksum": "728f4f6a7f026e99d548d2edac30f011"
        },
        {
          "type": "renderModule",
          "assetId": "a5Txphv_XF_FY",
          "checksum": "9973959378394cf0072ba3a97e4af86f"
        },
        {
          "type": "cssRules",
          "assetId": "a5Txphv_XF_FY",
          "checksum": "9973959378394cf0072ba3a97e4af86f"
        },
        {
          "type": "renderModule",
          "assetId": "QBm4GJW3D8ojm",
          "checksum": "8fb14dd984a0c6184fa4d4857b7afe46"
        },
        {
          "type": "cssRules",
          "assetId": "QBm4GJW3D8ojm",
          "checksum": "8fb14dd984a0c6184fa4d4857b7afe46"
        },
        {
          "type": "renderModule",
          "assetId": "10gOmc-DVFuXz",
          "checksum": "19a663c6e2f51adca2aa1dec7618ac3b"
        },
        {
          "type": "cssRules",
          "assetId": "10gOmc-DVFuXz",
          "checksum": "19a663c6e2f51adca2aa1dec7618ac3b"
        },
        {
          "type": "renderModule",
          "assetId": "LKQHQItPtFY7n",
          "checksum": "76e5f2f4bed8da9c4a28f9b6613b4984"
        },
        {
          "type": "cssRules",
          "assetId": "LKQHQItPtFY7n",
          "checksum": "76e5f2f4bed8da9c4a28f9b6613b4984"
        },
        {
          "type": "renderModule",
          "assetId": "Y88CZPl9xMXEk",
          "checksum": "b77ffac010e22af60c1457a4af9ee08a"
        },
        {
          "type": "cssRules",
          "assetId": "Y88CZPl9xMXEk",
          "checksum": "b77ffac010e22af60c1457a4af9ee08a"
        },
        {
          "type": "renderModule",
          "assetId": "OBpGsSNmoH7sh",
          "checksum": "db750030a9eb3cdc8cdd620b76b95f16"
        },
        {
          "type": "cssRules",
          "assetId": "OBpGsSNmoH7sh",
          "checksum": "db750030a9eb3cdc8cdd620b76b95f16"
        },
        {
          "type": "renderModule",
          "assetId": "9yBHXD_zc5KHK",
          "checksum": "4ac25700622360d970154c3adb774fa7"
        },
        {
          "type": "cssRules",
          "assetId": "9yBHXD_zc5KHK",
          "checksum": "4ac25700622360d970154c3adb774fa7"
        },
        {
          "type": "icon",
          "assetId": "8C1PB62iWe1Ro",
          "checksum": "03fdd4fa25e18d97f0308b8c744f9e42"
        },
        {
          "type": "icon",
          "assetId": "hv81i_WmgbeyE",
          "checksum": "ec15514c2432bc078df7957db1c2c534"
        },
        {
          "type": "icon",
          "assetId": "v21kJDSeGdipt",
          "checksum": "3bb0c458c23d158077a56a3d92b80766"
        },
        {
          "type": "icon",
          "assetId": "1YrbC4yK6xd9m",
          "checksum": "c38c6e188495ff3009a79e6ce287aca1"
        },
        {
          "type": "icon",
          "assetId": "w6HFmaEyP7cBB",
          "checksum": "216a9830b917729b5ae3c57a1ab7b74a"
        },
        {
          "type": "icon",
          "assetId": "SZPwkOfcOCCoT",
          "checksum": "3e704e8282a48f8644fb2f052cd5420b"
        },
        {
          "type": "icon",
          "assetId": "ob5Mfd6jI3eWX",
          "checksum": "4aff151ce48ffe9ce188f30de09ce563"
        },
        {
          "type": "icon",
          "assetId": "rIJX913hBtGRt",
          "checksum": "d1d901e72740b8cfa989d5b1cc3d60f5"
        },
        {
          "type": "icon",
          "assetId": "8hrQuJEuqy1-X",
          "checksum": "0e0cb5dfd01e4198798c6f1ecb0f3c7e"
        },
        {
          "type": "icon",
          "assetId": "KLKGkCqnLfmDp",
          "checksum": "23b496b43f63a425fea3ed49b64d3e9d"
        },
        {
          "type": "icon",
          "assetId": "4tAfwOZdMitIM",
          "checksum": "92e84ba815466ce1c52fd9adb862a7d4"
        },
        {
          "type": "icon",
          "assetId": "J79hQoCdT6BIU",
          "checksum": "bb118e1d97fde99f0483b342df89ccde"
        },
        {
          "type": "icon",
          "assetId": "BnFQdqqK-sKLg",
          "checksum": "8b22b428e607006ec4cf4d5fcc45acb4"
        },
        {
          "type": "icon",
          "assetId": "PlqGbFUP1gfcG",
          "checksum": "a8b200bd2e16ef5ccb9e19e6e016c830"
        },
        {
          "type": "icon",
          "assetId": "XHU9_urV4Kb62",
          "checksum": "5b2db53b931d3f2cec979a2f82e93cd0"
        },
        {
          "type": "icon",
          "assetId": "G04lLSEOvZdf2",
          "checksum": "279f9f373de300c6639531b0c7958c06"
        },
        {
          "type": "icon",
          "assetId": "IoDrIMBi-v7W9",
          "checksum": "0f86eda70b96bea48b5218ddc743971d"
        },
        {
          "type": "icon",
          "assetId": "sHbhl2qW7FY5i",
          "checksum": "a3a2c18381940e572c47a5b1b429f4f5"
        },
        {
          "type": "icon",
          "assetId": "OV_4GL1q5al_9",
          "checksum": "9950c28e274ffeee4468cc26d4dc43f5"
        },
        {
          "type": "icon",
          "assetId": "T-cSlEa_ic8Rm",
          "checksum": "d5de581701669d19c54ac3829a106e56"
        },
        {
          "type": "icon",
          "assetId": "qKjLD7V7-rzGQ",
          "checksum": "d709366df233ef57571f75ac3a871fcb"
        },
        {
          "type": "icon",
          "assetId": "BjgMibigwuClH",
          "checksum": "b3cf1495fcf07213b0057a5a901eb22d"
        },
        {
          "type": "icon",
          "assetId": "hj7oYjqn1fe2n",
          "checksum": "172dd6bd616ac1af64d252bd0a2632d2"
        },
        {
          "type": "icon",
          "assetId": "X8hLN83_dQCyS",
          "checksum": "bc6c2716ad3074c06245bde95a477459"
        },
        {
          "type": "icon",
          "assetId": "HGqbMfnvJKeeL",
          "checksum": "8d8000b9d8bd9231f416afeb2b54de9a"
        },
        {
          "type": "icon",
          "assetId": "Kv4ipOHCQCDDQ",
          "checksum": "156d3a6d48b5bcf1fe4c25c5188ac384"
        },
        {
          "type": "icon",
          "assetId": "0uB_LbHbnAMfk",
          "checksum": "b0cd6a923b0206b1027aed4f2142fc3b"
        },
        {
          "type": "icon",
          "assetId": "ohAOv1dRnOK9o",
          "checksum": "f0cc627dfbc6f536d490a208c14876ec"
        },
        {
          "type": "icon",
          "assetId": "26AzUmq1CIW_b",
          "checksum": "be6deea624331fbede26fec7b74c94dd"
        },
        {
          "type": "icon",
          "assetId": "0tKytfdNunEj2",
          "checksum": "6f25d62c5d7a9c70395dd3035132755b"
        },
        {
          "type": "icon",
          "assetId": "MPOtxaWuYko8U",
          "checksum": "d97cc05df390a0510234f2c27c8b5c5b"
        },
        {
          "type": "icon",
          "assetId": "6yhtsZg6LQaZu",
          "checksum": "52d4e56d2523b9d7599533bcdc9f58eb"
        },
        {
          "type": "icon",
          "assetId": "DUzMtly18fRyE",
          "checksum": "3cfef1efba328a5eb32d926540f67264"
        },
        {
          "type": "icon",
          "assetId": "CwE8mMiAxu5-L",
          "checksum": "e38d985f830614bd18762e95b72892bf"
        },
        {
          "type": "icon",
          "assetId": "u6lhEc4hrGe_z",
          "checksum": "4edf0b4f4481ef1752aff8b297c185c3"
        },
        {
          "type": "icon",
          "assetId": "6etW-EHdftxL0",
          "checksum": "ee43a9c7a071bdf841a9c459cc6cff78"
        },
        {
          "type": "icon",
          "assetId": "GyZEvkaWcM1p2",
          "checksum": "7f380918f3dae5fc3c486926e28b8440"
        },
        {
          "type": "icon",
          "assetId": "wivQdYKOn_Eyx",
          "checksum": "eaa7802964d9f4aaab937bf2a31db2d0"
        },
        {
          "type": "icon",
          "assetId": "jqp4qoIUmCPsN",
          "checksum": "6b88b5ee65aaabccb180975387bacb5d"
        },
        {
          "type": "image",
          "assetId": "jG_YamuDFMqAJ",
          "checksum": "5267cb8605309d3e16a97791742346fa"
        },
        {
          "type": "image",
          "assetId": "ezaM-s0pTGN5P",
          "checksum": "4f90ec98deddb25a18b0a3533b1d4c85"
        },
        {
          "type": "image",
          "assetId": "SPqkCsLfRK2TL",
          "checksum": "58a47384079f2ad56c97c08d9e06103e"
        },
        {
          "type": "image",
          "assetId": "gPpSL8at3dGze",
          "checksum": "4ce78b980f97f2104ea6f28ee26e82fe"
        },
        {
          "type": "image",
          "assetId": "Apuo8X1HsPxuF",
          "checksum": "d623d7aee573e3d98b9993fa92a22f45"
        },
        {
          "type": "image",
          "assetId": "MWwUaC2cKbFAp",
          "checksum": "3b80a7e1ea4e47509f467c5dd974432c"
        },
        {
          "type": "image",
          "assetId": "nMb9CTItDmsPV",
          "checksum": "ce9c5712d27dd177614fc462aff2459d"
        },
        {
          "type": "image",
          "assetId": "MWQxi3BYpwz2Z",
          "checksum": "e51a70c2111e4a7ac4cb3d7a2daa24ec"
        },
        {
          "type": "image",
          "assetId": "YJsAEx9AsAQrU",
          "checksum": "58685c09fdd2a6258906ae13a82e6c2c"
        },
        {
          "type": "image",
          "assetId": "lInoHJ11bEM3Q",
          "checksum": "00ad3551bb4d3185fe28190a328571e5"
        },
        {
          "type": "image",
          "assetId": "Clx0l4PhqbcST",
          "checksum": "9f2a3a1e05b1ee9d88ef768e07fb2ace"
        },
        {
          "type": "image",
          "assetId": "WTuKH08b0c0Ic",
          "checksum": "58127a3735483bce4ec64e2eacffcd34"
        },
        {
          "type": "image",
          "assetId": "Si37DjVTRulpb",
          "checksum": "1afc1844a02ecda3ac43ffc2381d93cb"
        },
        {
          "type": "image",
          "assetId": "t1sZQSCZt5JFr",
          "checksum": "6dd21e4f3b9a5a2794c8857ce03407ef"
        },
        {
          "type": "image",
          "assetId": "Lfe0t2Wmc3cS9",
          "checksum": "b96aebdbf75c448395b066d1b287aafa"
        },
        {
          "type": "image",
          "assetId": "QALSXKZBvRPRB",
          "checksum": "303a54145ae433ab5039e8d1fde371ef"
        },
        {
          "type": "image",
          "assetId": "ojmSC_lqecrsi",
          "checksum": "0a6dc168d41dc92fb4fbbd00174f934f"
        },
        {
          "type": "image",
          "assetId": "SUkb8GrwEe20y",
          "checksum": "d88e870b1ca131df0b49b8781e0cb606"
        },
        {
          "type": "image",
          "assetId": "B0UyueEfacA8f",
          "checksum": "03d3992a6ba9471dd566cb737fe516e4"
        },
        {
          "type": "image",
          "assetId": "VXtNWzZLwP9zr",
          "checksum": "2ac6aa07ba48dc49798c0b5a5dd13b8c"
        },
        {
          "type": "image",
          "assetId": "e4iKxDZWzCEtn",
          "checksum": "43685be2b11e085ad1364e4cc5d21b19"
        },
        {
          "type": "image",
          "assetId": "2ABZ2OfAzI0cK",
          "checksum": "427b4196c893d42b6ef6be3fc091ba7d"
        },
        {
          "type": "image",
          "assetId": "dGNyWNnrHz-o4",
          "checksum": "13106f840c2cf0e33850406afd08f247"
        },
        {
          "type": "image",
          "assetId": "vDn2k3zVFAJpN",
          "checksum": "d3150ad98da2ae8ea2772d058c7d3c46"
        },
        {
          "type": "image",
          "assetId": "mF2OjxYzkeuYx",
          "checksum": "856365b66da3705f1569e3b0c5616623"
        },
        {
          "type": "image",
          "assetId": "Mpl1ZYhZ_n8JC",
          "checksum": "92e7ffe3a7bcbcfdd7e104b24248a7de"
        },
        {
          "type": "image",
          "assetId": "0SgIqBtjkG1-0",
          "checksum": "970fec1988f39dc40d0b07f3f1c0b2f1"
        },
        {
          "type": "image",
          "assetId": "kYpZAqIZMPw-q",
          "checksum": "0f282453d12d3f1071c740905633e00d"
        },
        {
          "type": "image",
          "assetId": "jEdaNWDQc6W8k",
          "checksum": "801f0fbc9833ea2d87c5570776a172f3"
        },
        {
          "type": "image",
          "assetId": "jdfftFYLBhEO6",
          "checksum": "5527c38d21041c75d54cf76e445968f8"
        },
        {
          "type": "image",
          "assetId": "toaGg5X1uIWAT",
          "checksum": "33a7aef238280cec239388d09cf46ac3"
        },
        {
          "type": "image",
          "assetId": "S97TNGEy41a_3",
          "checksum": "526c2d159dde608ae296a5a435e45ccb"
        }
      ],
      "codegenVersion": "0.0.1"
    }
  ],
  "cliVersion": "0.1.190"
}
